// !$*UTF8*$!
{
	archiveVersion = 1;
	classes = {
	};
	objectVersion = 50;
	objects = {

/* Begin PBXBuildFile section */
		101D67A82208F1BA00FAD720 /* AppDelegate.swift in Sources */ = {isa = PBXBuildFile; fileRef = 101D67A72208F1BA00FAD720 /* AppDelegate.swift */; };
		101D67AA2208F1BA00FAD720 /* ViewController.swift in Sources */ = {isa = PBXBuildFile; fileRef = 101D67A92208F1BA00FAD720 /* ViewController.swift */; };
		101D67AD2208F1BA00FAD720 /* Main.storyboard in Resources */ = {isa = PBXBuildFile; fileRef = 101D67AB2208F1BA00FAD720 /* Main.storyboard */; };
		101D67AF2208F1BA00FAD720 /* Assets.xcassets in Resources */ = {isa = PBXBuildFile; fileRef = 101D67AE2208F1BA00FAD720 /* Assets.xcassets */; };
		101D67B22208F1BB00FAD720 /* LaunchScreen.storyboard in Resources */ = {isa = PBXBuildFile; fileRef = 101D67B02208F1BB00FAD720 /* LaunchScreen.storyboard */; };
		102B32982209D864002C33CF /* NetworkLayer.swift in Sources */ = {isa = PBXBuildFile; fileRef = 102B32972209D864002C33CF /* NetworkLayer.swift */; };
		102B329B220A1523002C33CF /* AccountModel.swift in Sources */ = {isa = PBXBuildFile; fileRef = 102B329A220A1523002C33CF /* AccountModel.swift */; };
		102B329D220A168B002C33CF /* PageModel.swift in Sources */ = {isa = PBXBuildFile; fileRef = 102B329C220A168B002C33CF /* PageModel.swift */; };
		8E2769F84FE447C377B17E06 /* Pods_declorant.framework in Frameworks */ = {isa = PBXBuildFile; fileRef = F6EBB70B9572CAB0AFD7E451 /* Pods_declorant.framework */; };
/* End PBXBuildFile section */

/* Begin PBXFileReference section */
		101D67A42208F1BA00FAD720 /* declorant.app */ = {isa = PBXFileReference; explicitFileType = wrapper.application; includeInIndex = 0; path = declorant.app; sourceTree = BUILT_PRODUCTS_DIR; };
		101D67A72208F1BA00FAD720 /* AppDelegate.swift */ = {isa = PBXFileReference; lastKnownFileType = sourcecode.swift; path = AppDelegate.swift; sourceTree = "<group>"; };
		101D67A92208F1BA00FAD720 /* ViewController.swift */ = {isa = PBXFileReference; lastKnownFileType = sourcecode.swift; path = ViewController.swift; sourceTree = "<group>"; };
		101D67AC2208F1BA00FAD720 /* Base */ = {isa = PBXFileReference; lastKnownFileType = file.storyboard; name = Base; path = Base.lproj/Main.storyboard; sourceTree = "<group>"; };
		101D67AE2208F1BA00FAD720 /* Assets.xcassets */ = {isa = PBXFileReference; lastKnownFileType = folder.assetcatalog; path = Assets.xcassets; sourceTree = "<group>"; };
		101D67B12208F1BB00FAD720 /* Base */ = {isa = PBXFileReference; lastKnownFileType = file.storyboard; name = Base; path = Base.lproj/LaunchScreen.storyboard; sourceTree = "<group>"; };
		101D67B32208F1BB00FAD720 /* Info.plist */ = {isa = PBXFileReference; lastKnownFileType = text.plist.xml; path = Info.plist; sourceTree = "<group>"; };
		102B32972209D864002C33CF /* NetworkLayer.swift */ = {isa = PBXFileReference; lastKnownFileType = sourcecode.swift; path = NetworkLayer.swift; sourceTree = "<group>"; };
		102B329A220A1523002C33CF /* AccountModel.swift */ = {isa = PBXFileReference; lastKnownFileType = sourcecode.swift; path = AccountModel.swift; sourceTree = "<group>"; };
		102B329C220A168B002C33CF /* PageModel.swift */ = {isa = PBXFileReference; lastKnownFileType = sourcecode.swift; path = PageModel.swift; sourceTree = "<group>"; };
		25A8DC0D88A2B75FBC83933C /* Pods-declorant.release.xcconfig */ = {isa = PBXFileReference; includeInIndex = 1; lastKnownFileType = text.xcconfig; name = "Pods-declorant.release.xcconfig"; path = "Pods/Target Support Files/Pods-declorant/Pods-declorant.release.xcconfig"; sourceTree = "<group>"; };
		712C2EC4CBA0561827371347 /* Pods-declorant.debug.xcconfig */ = {isa = PBXFileReference; includeInIndex = 1; lastKnownFileType = text.xcconfig; name = "Pods-declorant.debug.xcconfig"; path = "Pods/Target Support Files/Pods-declorant/Pods-declorant.debug.xcconfig"; sourceTree = "<group>"; };
		F6EBB70B9572CAB0AFD7E451 /* Pods_declorant.framework */ = {isa = PBXFileReference; explicitFileType = wrapper.framework; includeInIndex = 0; path = Pods_declorant.framework; sourceTree = BUILT_PRODUCTS_DIR; };
/* End PBXFileReference section */

/* Begin PBXFrameworksBuildPhase section */
		101D67A12208F1BA00FAD720 /* Frameworks */ = {
			isa = PBXFrameworksBuildPhase;
			buildActionMask = 2147483647;
			files = (
				8E2769F84FE447C377B17E06 /* Pods_declorant.framework in Frameworks */,
			);
			runOnlyForDeploymentPostprocessing = 0;
		};
/* End PBXFrameworksBuildPhase section */

/* Begin PBXGroup section */
		101D679B2208F1BA00FAD720 = {
			isa = PBXGroup;
			children = (
				101D67A62208F1BA00FAD720 /* declorant */,
				101D67A52208F1BA00FAD720 /* Products */,
				15FF224BE049B7F430497344 /* Pods */,
				E372DAAA9B44402451AB4FF0 /* Frameworks */,
			);
			sourceTree = "<group>";
		};
		101D67A52208F1BA00FAD720 /* Products */ = {
			isa = PBXGroup;
			children = (
				101D67A42208F1BA00FAD720 /* declorant.app */,
			);
			name = Products;
			sourceTree = "<group>";
		};
		101D67A62208F1BA00FAD720 /* declorant */ = {
			isa = PBXGroup;
			children = (
				101D67A72208F1BA00FAD720 /* AppDelegate.swift */,
				101D67A92208F1BA00FAD720 /* ViewController.swift */,
				102B32992209D868002C33CF /* Network Layer */,
				101D67AB2208F1BA00FAD720 /* Main.storyboard */,
				101D67AE2208F1BA00FAD720 /* Assets.xcassets */,
				101D67B02208F1BB00FAD720 /* LaunchScreen.storyboard */,
				101D67B32208F1BB00FAD720 /* Info.plist */,
			);
			path = declorant;
			sourceTree = "<group>";
		};
		102B32992209D868002C33CF /* Network Layer */ = {
			isa = PBXGroup;
			children = (
				102B32972209D864002C33CF /* NetworkLayer.swift */,
				102B329E220A194C002C33CF /* Data Models */,
			);
			path = "Network Layer";
			sourceTree = "<group>";
		};
		102B329E220A194C002C33CF /* Data Models */ = {
			isa = PBXGroup;
			children = (
				102B329A220A1523002C33CF /* AccountModel.swift */,
				102B329C220A168B002C33CF /* PageModel.swift */,
			);
			path = "Data Models";
			sourceTree = "<group>";
		};
		15FF224BE049B7F430497344 /* Pods */ = {
			isa = PBXGroup;
			children = (
				712C2EC4CBA0561827371347 /* Pods-declorant.debug.xcconfig */,
				25A8DC0D88A2B75FBC83933C /* Pods-declorant.release.xcconfig */,
			);
			name = Pods;
			sourceTree = "<group>";
		};
		E372DAAA9B44402451AB4FF0 /* Frameworks */ = {
			isa = PBXGroup;
			children = (
				F6EBB70B9572CAB0AFD7E451 /* Pods_declorant.framework */,
			);
			name = Frameworks;
			sourceTree = "<group>";
		};
/* End PBXGroup section */

/* Begin PBXNativeTarget section */
		101D67A32208F1BA00FAD720 /* declorant */ = {
			isa = PBXNativeTarget;
			buildConfigurationList = 101D67B62208F1BB00FAD720 /* Build configuration list for PBXNativeTarget "declorant" */;
			buildPhases = (
				02053D1A63F932F71B4E876A /* [CP] Check Pods Manifest.lock */,
				101D67A02208F1BA00FAD720 /* Sources */,
				101D67A12208F1BA00FAD720 /* Frameworks */,
				101D67A22208F1BA00FAD720 /* Resources */,
				3BEBF185DE65875B1992BE27 /* [CP] Embed Pods Frameworks */,
			);
			buildRules = (
			);
			dependencies = (
			);
			name = declorant;
			productName = declorant;
			productReference = 101D67A42208F1BA00FAD720 /* declorant.app */;
			productType = "com.apple.product-type.application";
		};
/* End PBXNativeTarget section */

/* Begin PBXProject section */
		101D679C2208F1BA00FAD720 /* Project object */ = {
			isa = PBXProject;
			attributes = {
				LastSwiftUpdateCheck = 1010;
				LastUpgradeCheck = 1010;
				ORGANIZATIONNAME = "Дмитрий Яровой";
				TargetAttributes = {
					101D67A32208F1BA00FAD720 = {
						CreatedOnToolsVersion = 10.1;
					};
				};
			};
			buildConfigurationList = 101D679F2208F1BA00FAD720 /* Build configuration list for PBXProject "declorant" */;
			compatibilityVersion = "Xcode 9.3";
			developmentRegion = en;
			hasScannedForEncodings = 0;
			knownRegions = (
				en,
				Base,
			);
			mainGroup = 101D679B2208F1BA00FAD720;
			productRefGroup = 101D67A52208F1BA00FAD720 /* Products */;
			projectDirPath = "";
			projectRoot = "";
			targets = (
				101D67A32208F1BA00FAD720 /* declorant */,
			);
		};
/* End PBXProject section */

/* Begin PBXResourcesBuildPhase section */
		101D67A22208F1BA00FAD720 /* Resources */ = {
			isa = PBXResourcesBuildPhase;
			buildActionMask = 2147483647;
			files = (
				101D67B22208F1BB00FAD720 /* LaunchScreen.storyboard in Resources */,
				101D67AF2208F1BA00FAD720 /* Assets.xcassets in Resources */,
				101D67AD2208F1BA00FAD720 /* Main.storyboard in Resources */,
			);
			runOnlyForDeploymentPostprocessing = 0;
		};
/* End PBXResourcesBuildPhase section */

/* Begin PBXShellScriptBuildPhase section */
		02053D1A63F932F71B4E876A /* [CP] Check Pods Manifest.lock */ = {
			isa = PBXShellScriptBuildPhase;
			buildActionMask = 2147483647;
			files = (
			);
			inputFileListPaths = (
			);
			inputPaths = (
				"${PODS_PODFILE_DIR_PATH}/Podfile.lock",
				"${PODS_ROOT}/Manifest.lock",
			);
			name = "[CP] Check Pods Manifest.lock";
			outputFileListPaths = (
			);
			outputPaths = (
				"$(DERIVED_FILE_DIR)/Pods-declorant-checkManifestLockResult.txt",
			);
			runOnlyForDeploymentPostprocessing = 0;
			shellPath = /bin/sh;
			shellScript = "diff \"${PODS_PODFILE_DIR_PATH}/Podfile.lock\" \"${PODS_ROOT}/Manifest.lock\" > /dev/null\nif [ $? != 0 ] ; then\n    # print error to STDERR\n    echo \"error: The sandbox is not in sync with the Podfile.lock. Run 'pod install' or update your CocoaPods installation.\" >&2\n    exit 1\nfi\n# This output is used by Xcode 'outputs' to avoid re-running this script phase.\necho \"SUCCESS\" > \"${SCRIPT_OUTPUT_FILE_0}\"\n";
			showEnvVarsInLog = 0;
		};
		3BEBF185DE65875B1992BE27 /* [CP] Embed Pods Frameworks */ = {
			isa = PBXShellScriptBuildPhase;
			buildActionMask = 2147483647;
			files = (
			);
			inputFileListPaths = (
			);
			inputPaths = (
				"${SRCROOT}/Pods/Target Support Files/Pods-declorant/Pods-declorant-frameworks.sh",
				"${BUILT_PRODUCTS_DIR}/Alamofire/Alamofire.framework",
			);
			name = "[CP] Embed Pods Frameworks";
			outputFileListPaths = (
			);
			outputPaths = (
				"${TARGET_BUILD_DIR}/${FRAMEWORKS_FOLDER_PATH}/Alamofire.framework",
			);
			runOnlyForDeploymentPostprocessing = 0;
			shellPath = /bin/sh;
			shellScript = "\"${SRCROOT}/Pods/Target Support Files/Pods-declorant/Pods-declorant-frameworks.sh\"\n";
			showEnvVarsInLog = 0;
		};
/* End PBXShellScriptBuildPhase section */

/* Begin PBXSourcesBuildPhase section */
		101D67A02208F1BA00FAD720 /* Sources */ = {
			isa = PBXSourcesBuildPhase;
			buildActionMask = 2147483647;
			files = (
				102B32982209D864002C33CF /* NetworkLayer.swift in Sources */,
				102B329D220A168B002C33CF /* PageModel.swift in Sources */,
				101D67AA2208F1BA00FAD720 /* ViewController.swift in Sources */,
				101D67A82208F1BA00FAD720 /* AppDelegate.swift in Sources */,
				102B329B220A1523002C33CF /* AccountModel.swift in Sources */,
			);
			runOnlyForDeploymentPostprocessing = 0;
		};
/* End PBXSourcesBuildPhase section */

/* Begin PBXVariantGroup section */
		101D67AB2208F1BA00FAD720 /* Main.storyboard */ = {
			isa = PBXVariantGroup;
			children = (
				101D67AC2208F1BA00FAD720 /* Base */,
			);
			name = Main.storyboard;
			sourceTree = "<group>";
		};
		101D67B02208F1BB00FAD720 /* LaunchScreen.storyboard */ = {
			isa = PBXVariantGroup;
			children = (
				101D67B12208F1BB00FAD720 /* Base */,
			);
			name = LaunchScreen.storyboard;
			sourceTree = "<group>";
		};
/* End PBXVariantGroup section */

/* Begin XCBuildConfiguration section */
		101D67B42208F1BB00FAD720 /* Debug */ = {
			isa = XCBuildConfiguration;
			buildSettings = {
				ALWAYS_SEARCH_USER_PATHS = NO;
				CLANG_ANALYZER_NONNULL = YES;
				CLANG_ANALYZER_NUMBER_OBJECT_CONVERSION = YES_AGGRESSIVE;
				CLANG_CXX_LANGUAGE_STANDARD = "gnu++14";
				CLANG_CXX_LIBRARY = "libc++";
				CLANG_ENABLE_MODULES = YES;
				CLANG_ENABLE_OBJC_ARC = YES;
				CLANG_ENABLE_OBJC_WEAK = YES;
				CLANG_WARN_BLOCK_CAPTURE_AUTORELEASING = YES;
				CLANG_WARN_BOOL_CONVERSION = YES;
				CLANG_WARN_COMMA = YES;
				CLANG_WARN_CONSTANT_CONVERSION = YES;
				CLANG_WARN_DEPRECATED_OBJC_IMPLEMENTATIONS = YES;
				CLANG_WARN_DIRECT_OBJC_ISA_USAGE = YES_ERROR;
				CLANG_WARN_DOCUMENTATION_COMMENTS = YES;
				CLANG_WARN_EMPTY_BODY = YES;
				CLANG_WARN_ENUM_CONVERSION = YES;
				CLANG_WARN_INFINITE_RECURSION = YES;
				CLANG_WARN_INT_CONVERSION = YES;
				CLANG_WARN_NON_LITERAL_NULL_CONVERSION = YES;
				CLANG_WARN_OBJC_IMPLICIT_RETAIN_SELF = YES;
				CLANG_WARN_OBJC_LITERAL_CONVERSION = YES;
				CLANG_WARN_OBJC_ROOT_CLASS = YES_ERROR;
				CLANG_WARN_RANGE_LOOP_ANALYSIS = YES;
				CLANG_WARN_STRICT_PROTOTYPES = YES;
				CLANG_WARN_SUSPICIOUS_MOVE = YES;
				CLANG_WARN_UNGUARDED_AVAILABILITY = YES_AGGRESSIVE;
				CLANG_WARN_UNREACHABLE_CODE = YES;
				CLANG_WARN__DUPLICATE_METHOD_MATCH = YES;
				CODE_SIGN_IDENTITY = "iPhone Developer";
				COPY_PHASE_STRIP = NO;
				DEBUG_INFORMATION_FORMAT = dwarf;
				ENABLE_STRICT_OBJC_MSGSEND = YES;
				ENABLE_TESTABILITY = YES;
				GCC_C_LANGUAGE_STANDARD = gnu11;
				GCC_DYNAMIC_NO_PIC = NO;
				GCC_NO_COMMON_BLOCKS = YES;
				GCC_OPTIMIZATION_LEVEL = 0;
				GCC_PREPROCESSOR_DEFINITIONS = (
					"DEBUG=1",
					"$(inherited)",
				);
				GCC_WARN_64_TO_32_BIT_CONVERSION = YES;
				GCC_WARN_ABOUT_RETURN_TYPE = YES_ERROR;
				GCC_WARN_UNDECLARED_SELECTOR = YES;
				GCC_WARN_UNINITIALIZED_AUTOS = YES_AGGRESSIVE;
				GCC_WARN_UNUSED_FUNCTION = YES;
				GCC_WARN_UNUSED_VARIABLE = YES;
				IPHONEOS_DEPLOYMENT_TARGET = 12.1;
				MTL_ENABLE_DEBUG_INFO = INCLUDE_SOURCE;
				MTL_FAST_MATH = YES;
				ONLY_ACTIVE_ARCH = YES;
				SDKROOT = iphoneos;
				SWIFT_ACTIVE_COMPILATION_CONDITIONS = DEBUG;
				SWIFT_OPTIMIZATION_LEVEL = "-Onone";
			};
			name = Debug;
		};
		101D67B52208F1BB00FAD720 /* Release */ = {
			isa = XCBuildConfiguration;
			buildSettings = {
				ALWAYS_SEARCH_USER_PATHS = NO;
				CLANG_ANALYZER_NONNULL = YES;
				CLANG_ANALYZER_NUMBER_OBJECT_CONVERSION = YES_AGGRESSIVE;
				CLANG_CXX_LANGUAGE_STANDARD = "gnu++14";
				CLANG_CXX_LIBRARY = "libc++";
				CLANG_ENABLE_MODULES = YES;
				CLANG_ENABLE_OBJC_ARC = YES;
				CLANG_ENABLE_OBJC_WEAK = YES;
				CLANG_WARN_BLOCK_CAPTURE_AUTORELEASING = YES;
				CLANG_WARN_BOOL_CONVERSION = YES;
				CLANG_WARN_COMMA = YES;
				CLANG_WARN_CONSTANT_CONVERSION = YES;
				CLANG_WARN_DEPRECATED_OBJC_IMPLEMENTATIONS = YES;
				CLANG_WARN_DIRECT_OBJC_ISA_USAGE = YES_ERROR;
				CLANG_WARN_DOCUMENTATION_COMMENTS = YES;
				CLANG_WARN_EMPTY_BODY = YES;
				CLANG_WARN_ENUM_CONVERSION = YES;
				CLANG_WARN_INFINITE_RECURSION = YES;
				CLANG_WARN_INT_CONVERSION = YES;
				CLANG_WARN_NON_LITERAL_NULL_CONVERSION = YES;
				CLANG_WARN_OBJC_IMPLICIT_RETAIN_SELF = YES;
				CLANG_WARN_OBJC_LITERAL_CONVERSION = YES;
				CLANG_WARN_OBJC_ROOT_CLASS = YES_ERROR;
				CLANG_WARN_RANGE_LOOP_ANALYSIS = YES;
				CLANG_WARN_STRICT_PROTOTYPES = YES;
				CLANG_WARN_SUSPICIOUS_MOVE = YES;
				CLANG_WARN_UNGUARDED_AVAILABILITY = YES_AGGRESSIVE;
				CLANG_WARN_UNREACHABLE_CODE = YES;
				CLANG_WARN__DUPLICATE_METHOD_MATCH = YES;
				CODE_SIGN_IDENTITY = "iPhone Developer";
				COPY_PHASE_STRIP = NO;
				DEBUG_INFORMATION_FORMAT = "dwarf-with-dsym";
				ENABLE_NS_ASSERTIONS = NO;
				ENABLE_STRICT_OBJC_MSGSEND = YES;
				GCC_C_LANGUAGE_STANDARD = gnu11;
				GCC_NO_COMMON_BLOCKS = YES;
				GCC_WARN_64_TO_32_BIT_CONVERSION = YES;
				GCC_WARN_ABOUT_RETURN_TYPE = YES_ERROR;
				GCC_WARN_UNDECLARED_SELECTOR = YES;
				GCC_WARN_UNINITIALIZED_AUTOS = YES_AGGRESSIVE;
				GCC_WARN_UNUSED_FUNCTION = YES;
				GCC_WARN_UNUSED_VARIABLE = YES;
				IPHONEOS_DEPLOYMENT_TARGET = 12.1;
				MTL_ENABLE_DEBUG_INFO = NO;
				MTL_FAST_MATH = YES;
				SDKROOT = iphoneos;
				SWIFT_COMPILATION_MODE = wholemodule;
				SWIFT_OPTIMIZATION_LEVEL = "-O";
				VALIDATE_PRODUCT = YES;
			};
			name = Release;
		};
		101D67B72208F1BB00FAD720 /* Debug */ = {
			isa = XCBuildConfiguration;
			baseConfigurationReference = 712C2EC4CBA0561827371347 /* Pods-declorant.debug.xcconfig */;
			buildSettings = {
				ASSETCATALOG_COMPILER_APPICON_NAME = AppIcon;
				CODE_SIGN_STYLE = Automatic;
				DEVELOPMENT_TEAM = 6DM6GCZF76;
				INFOPLIST_FILE = declorant/Info.plist;
				LD_RUNPATH_SEARCH_PATHS = (
					"$(inherited)",
					"@executable_path/Frameworks",
				);
				PRODUCT_BUNDLE_IDENTIFIER = "Swift-Time.com.declorant";
				PRODUCT_NAME = "$(TARGET_NAME)";
				SWIFT_VERSION = 4.2;
				TARGETED_DEVICE_FAMILY = "1,2";
			};
			name = Debug;
		};
		101D67B82208F1BB00FAD720 /* Release */ = {
			isa = XCBuildConfiguration;
			baseConfigurationReference = 25A8DC0D88A2B75FBC83933C /* Pods-declorant.release.xcconfig */;
			buildSettings = {
				ASSETCATALOG_COMPILER_APPICON_NAME = AppIcon;
				CODE_SIGN_STYLE = Automatic;
				DEVELOPMENT_TEAM = 6DM6GCZF76;
				INFOPLIST_FILE = declorant/Info.plist;
				LD_RUNPATH_SEARCH_PATHS = (
					"$(inherited)",
					"@executable_path/Frameworks",
				);
				PRODUCT_BUNDLE_IDENTIFIER = "Swift-Time.com.declorant";
				PRODUCT_NAME = "$(TARGET_NAME)";
				SWIFT_VERSION = 4.2;
				TARGETED_DEVICE_FAMILY = "1,2";
			};
			name = Release;
		};
/* End XCBuildConfiguration section */

/* Begin XCConfigurationList section */
		101D679F2208F1BA00FAD720 /* Build configuration list for PBXProject "declorant" */ = {
			isa = XCConfigurationList;
			buildConfigurations = (
				101D67B42208F1BB00FAD720 /* Debug */,
				101D67B52208F1BB00FAD720 /* Release */,
			);
			defaultConfigurationIsVisible = 0;
			defaultConfigurationName = Release;
		};
		101D67B62208F1BB00FAD720 /* Build configuration list for PBXNativeTarget "declorant" */ = {
			isa = XCConfigurationList;
			buildConfigurations = (
				101D67B72208F1BB00FAD720 /* Debug */,
				101D67B82208F1BB00FAD720 /* Release */,
			);
			defaultConfigurationIsVisible = 0;
			defaultConfigurationName = Release;
		};
/* End XCConfigurationList section */
	};
	rootObject = 101D679C2208F1BA00FAD720 /* Project object */;
}
